// !$*UTF8*$!
{
	archiveVersion = 1;
	classes = {
	};
	objectVersion = 110;
	objects = {

/* Begin PBXFileReference section */
		414C31FD306C70A000633EA1 /* obs-status-macos-ui.app */ = {isa = PBXFileReference; explicitFileType = wrapper.application; includeInIndex = 0; path = "obs-status-macos-ui.app"; sourceTree = BUILT_PRODUCTS_DIR; };
		414C3301306C70A100633EA1 /* App */ = {
			isa = PBXFileSystemSynchronizedRootGroup;
			children = (
				414C3311306C70A100633EA1 /* ObsStatusApp.swift */,
			);
			sourceTree = "<group>";
		};
		414C3311306C70A100633EA1 /* ObsStatusApp.swift */ = {isa = PBXFileReference; lastKnownFileType = sourcecode.swift; path = ObsStatusApp.swift; sourceTree = "<group>"; };
		414C3302306C70A100633EA1 /* UI */ = {
			isa = PBXFileSystemSynchronizedRootGroup;
			children = (
				414C3312306C70A100633EA1 /* ContentView.swift */,
				414C3313306C70A100633EA1 /* OBSConnectionView.swift */,
				414C3314306C70A100633EA1 /* ESP32ConnectionView.swift */,
				414C3315306C70A100633EA1 /* LEDIndicatorView.swift */,
			);
			sourceTree = "<group>";
		};
		414C3312306C70A100633EA1 /* ContentView.swift */ = {isa = PBXFileReference; lastKnownFileType = sourcecode.swift; path = ContentView.swift; sourceTree = "<group>"; };
		414C3313306C70A100633EA1 /* OBSConnectionView.swift */ = {isa = PBXFileReference; lastKnownFileType = sourcecode.swift; path = OBSConnectionView.swift; sourceTree = "<group>"; };
		414C3314306C70A100633EA1 /* ESP32ConnectionView.swift */ = {isa = PBXFileReference; lastKnownFileType = sourcecode.swift; path = ESP32ConnectionView.swift; sourceTree = "<group>"; };
		414C3315306C70A100633EA1 /* LEDIndicatorView.swift */ = {isa = PBXFileReference; lastKnownFileType = sourcecode.swift; path = LEDIndicatorView.swift; sourceTree = "<group>"; };
		414C3303306C70A100633EA1 /* Services */ = {
			isa = PBXFileSystemSynchronizedRootGroup;
			children = (
				414C3316306C70A100633EA1 /* OBSWebSocketService.swift */,
				414C3317306C70A100633EA1 /* USBCDCService.swift */,
			);
			sourceTree = "<group>";
		};
		414C3316306C70A100633EA1 /* OBSWebSocketService.swift */ = {isa = PBXFileReference; lastKnownFileType = sourcecode.swift; path = OBSWebSocketService.swift; sourceTree = "<group>"; };
		414C3317306C70A100633EA1 /* USBCDCService.swift */ = {isa = PBXFileReference; lastKnownFileType = sourcecode.swift; path = USBCDCService.swift; sourceTree = "<group>"; };
		414C3304306C70A100633EA1 /* Models */ = {
			isa = PBXFileSystemSynchronizedRootGroup;
			children = (
				414C3318306C70A100633EA1 /* AppViewModel.swift */,
				414C3319306C70A100633EA1 /* OBSConfig.swift */,
				414C331A306C70A100633EA1 /* USBDevice.swift */,
				414C331B306C70A100633EA1 /* AppSettings.swift */,
				414C331C306C70A100633EA1 /* ObsProtocol.swift */,
			);
			sourceTree = "<group>";
		};
		414C3318306C70A100633EA1 /* AppViewModel.swift */ = {isa = PBXFileReference; lastKnownFileType = sourcecode.swift; path = AppViewModel.swift; sourceTree = "<group>"; };
		414C3319306C70A100633EA1 /* OBSConfig.swift */ = {isa = PBXFileReference; lastKnownFileType = sourcecode.swift; path = OBSConfig.swift; sourceTree = "<group>"; };
		414C331A306C70A100633EA1 /* USBDevice.swift */ = {isa = PBXFileReference; lastKnownFileType = sourcecode.swift; path = USBDevice.swift; sourceTree = "<group>"; };
		414C331B306C70A100633EA1 /* AppSettings.swift */ = {isa = PBXFileReference; lastKnownFileType = sourcecode.swift; path = AppSettings.swift; sourceTree = "<group>"; };
		414C331C306C70A100633EA1 /* ObsProtocol.swift */ = {isa = PBXFileReference; lastKnownFileType = sourcecode.swift; path = ObsProtocol.swift; sourceTree = "<group>"; };
		414C3305306C70A100633EA1 /* Extensions */ = {
			isa = PBXFileSystemSynchronizedRootGroup;
			children = (
				414C331D306C70A100633EA1 /* AsyncStream+Extensions.swift */,
			);
			sourceTree = "<group>";
		};
		414C331D306C70A100633EA1 /* AsyncStream+Extensions.swift */ = {isa = PBXFileReference; lastKnownFileType = sourcecode.swift; path = "AsyncStream+Extensions.swift"; sourceTree = "<group>"; };
		414C3306306C70A100633EA1 /* Resources */ = {
			isa = PBXFileSystemSynchronizedRootGroup;
			children = (
				414C331E306C70A100633EA1 /* Info.plist */,
			);
			sourceTree = "<group>";
		};
		414C331E306C70A100633EA1 /* Info.plist */ = {isa = PBXFileReference; lastKnownFileType = text.plist.xml; path = Info.plist; sourceTree = "<group>"; };
/* End PBXFileReference section */

/* Begin PBXFileSystemSynchronizedRootGroup section */
		414C31FF306C70A000633EA1 /* obs-status-macos-ui */ = {
			isa = PBXFileSystemSynchronizedRootGroup;
			children = (
				414C3301306C70A100633EA1 /* App */,
				414C3302306C70A100633EA1 /* UI */,
				414C3303306C70A100633EA1 /* Services */,
				414C3304306C70A100633EA1 /* Models */,
				414C3305306C70A100633EA1 /* Extensions */,
				414C3306306C70A100633EA1 /* Resources */,
			);
			path = "../macos-app/obs-status-macos-ui";
			sourceTree = SOURCE_ROOT;
		};
/* End PBXFileSystemSynchronizedRootGroup section */

/* Begin PBXFrameworksBuildPhase section */
		414C31FA306C70A000633EA1 /* Frameworks */ = {
			isa = PBXFrameworksBuildPhase;
			files = (
			);
		};
/* End PBXFrameworksBuildPhase section */

/* Begin PBXGroup section */
		414C31F4306C70A000633EA1 = {
			isa = PBXGroup;
			children = (
				414C31FF306C70A000633EA1 /* obs-status-macos-ui */,
				414C31FE306C70A000633EA1 /* Products */,
			);
			sourceTree = "<group>";
		};
		414C31FE306C70A000633EA1 /* Products */ = {
			isa = PBXGroup;
			children = (
				414C31FD306C70A000633EA1 /* obs-status-macos-ui.app */,
			);
			name = Products;
			sourceTree = "<group>";
		};
/* End PBXGroup section */

/* Begin PBXNativeTarget section */
		414C31FC306C70A000633EA1 /* obs-status-macos-ui */ = {
			isa = PBXNativeTarget;
			buildConfigurationList = 414C321C306C70A100633EA1 /* Build configuration list for PBXNativeTarget "obs-status-macos-ui" */;
			buildPhases = (
				414C31F9306C70A000633EA1 /* Sources */,
				414C31FA306C70A000633EA1 /* Frameworks */,
				414C31FB306C70A000633EA1 /* Resources */,
			);
			buildRules = (
			);
			fileSystemSynchronizedGroups = (
				414C31FF306C70A000633EA1 /* obs-status-macos-ui */,
			);
			name = "obs-status-macos-ui";
			productName = "obs-status-macos-ui";
			productReference = 414C31FD306C70A000633EA1 /* obs-status-macos-ui.app */;
			productType = "com.apple.product-type.application";
		};
/* End PBXNativeTarget section */

/* Begin PBXProject section */
		414C31F5306C70A000633EA1 /* Project object */ = {
			isa = PBXProject;
			attributes = {
				BuildIndependentTargetsInParallel = 1;
				LastSwiftUpdateCheck = 2710;
				LastUpgradeCheck = 2710;
				TargetAttributes = {
					414C31FC306C70A000633EA1 = {
						CreatedOnToolsVersion = 27.1;
					};
				};
			};
			buildConfigurationList = 414C31F8306C70A000633EA1 /* Build configuration list for PBXProject "obs-status-macos-ui" */;
			developmentRegion = en;
			hasScannedForEncodings = 0;
			knownRegions = (
				en,
				Base,
			);
			mainGroup = 414C31F4306C70A000633EA1;
			minimizedProjectReferenceProxies = 1;
			preferredProjectObjectVersion = 77;
			productRefGroup = 414C31FE306C70A000633EA1 /* Products */;
			projectDirPath = "";
			projectRoot = "";
			targets = (
				414C31FC306C70A000633EA1 /* obs-status-macos-ui */,
			);
		};
/* End PBXProject section */

/* Begin PBXResourcesBuildPhase section */
		414C31FB306C70A000633EA1 /* Resources */ = {
			isa = PBXResourcesBuildPhase;
			files = (
			);
		};
/* End PBXResourcesBuildPhase section */

/* Begin PBXSourcesBuildPhase section */
		414C31F9306C70A000633EA1 /* Sources */ = {
			isa = PBXSourcesBuildPhase;
			files = (
			);
		};
/* End PBXSourcesBuildPhase section */

/* Begin XCBuildConfiguration section */
		414C321A306C70A100633EA1 /* Debug configuration for PBXProject "obs-status-macos-ui" */ = {
			isa = XCBuildConfiguration;
			buildSettings = {
				ALWAYS_SEARCH_USER_PATHS = NO;
				ASSETCATALOG_COMPILER_GENERATE_SWIFT_ASSET_SYMBOL_EXTENSIONS = YES;
				CLANG_ANALYZER_NONNULL = YES;
				CLANG_ANALYZER_NUMBER_OBJECT_CONVERSION = YES_AGGRESSIVE;
				CLANG_CXX_LANGUAGE_STANDARD = "gnu++20";
				CLANG_ENABLE_MODULES = YES;
				CLANG_ENABLE_OBJC_ARC = YES;
				CLANG_ENABLE_OBJC_WEAK = YES;
				CLANG_WARN_BLOCK_CAPTURE_AUTORELEASING = YES;
				CLANG_WARN_BOOL_CONVERSION = YES;
				CLANG_WARN_COMMA = YES;
				CLANG_WARN_CONSTANT_CONVERSION = YES;
				CLANG_WARN_DEPRECATED_OBJC_IMPLEMENTATIONS = YES;
				CLANG_WARN_DIRECT_OBJC_ISA_USAGE = YES_ERROR;
				CLANG_WARN_DOCUMENTATION_COMMENTS = YES;
				CLANG_WARN_EMPTY_BODY = YES;
				CLANG_WARN_ENUM_CONVERSION = YES;
				CLANG_WARN_INFINITE_RECURSION = YES;
				CLANG_WARN_INT_CONVERSION = YES;
				CLANG_WARN_NON_LITERAL_NULL_CONVERSION = YES;
				CLANG_WARN_OBJC_IMPLICIT_RETAIN_SELF = YES;
				CLANG_WARN_OBJC_LITERAL_CONVERSION = YES;
				CLANG_WARN_OBJC_ROOT_CLASS = YES_ERROR;
				CLANG_WARN_QUOTED_INCLUDE_IN_FRAMEWORK_HEADER = YES;
				CLANG_WARN_RANGE_LOOP_ANALYSIS = YES;
				CLANG_WARN_STRICT_PROTOTYPES = YES;
				CLANG_WARN_SUSPICIOUS_MOVE = YES;
				CLANG_WARN_UNGUARDED_AVAILABILITY = YES_AGGRESSIVE;
				CLANG_WARN_UNREACHABLE_CODE = YES;
				CLANG_WARN__DUPLICATE_METHOD_MATCH = YES;
				COPY_PHASE_STRIP = NO;
				DEBUG_INFORMATION_FORMAT = dwarf;
				DEVELOPMENT_TEAM = RSEH385M54;
				ENABLE_STRICT_OBJC_MSGSEND = YES;
				ENABLE_USER_SCRIPT_SANDBOXING = YES;
				GCC_C_LANGUAGE_STANDARD = gnu17;
				GCC_DYNAMIC_NO_PIC = NO;
				GCC_NO_COMMON_BLOCKS = YES;
				GCC_OPTIMIZATION_LEVEL = 0;
				GCC_PREPROCESSOR_DEFINITIONS = (
					"DEBUG=1",
					"$(inherited)",
				);
				GCC_WARN_64_TO_32_BIT_CONVERSION = YES;
				GCC_WARN_ABOUT_RETURN_TYPE = YES_ERROR;
				GCC_WARN_UNDECLARED_SELECTOR = YES;
				GCC_WARN_UNINITIALIZED_AUTOS = YES_AGGRESSIVE;
				GCC_WARN_UNUSED_FUNCTION = YES;
				GCC_WARN_UNUSED_VARIABLE = YES;
				LOCALIZATION_PREFERS_STRING_CATALOGS = YES;
				MACOSX_DEPLOYMENT_TARGET = 27.0;
				MTL_ENABLE_DEBUG_INFO = INCLUDE_SOURCE;
				MTL_FAST_MATH = YES;
				ONLY_ACTIVE_ARCH = YES;
				SDKROOT = macosx;
				SWIFT_ACTIVE_COMPILATION_CONDITIONS = "DEBUG $(inherited)";
				SWIFT_OPTIMIZATION_LEVEL = "-Onone";
			};
			name = Debug;
		};
		414C321B306C70A100633EA1 /* Release configuration for PBXProject "obs-status-macos-ui" */ = {
			isa = XCBuildConfiguration;
			buildSettings = {
				ALWAYS_SEARCH_USER_PATHS = NO;
				ASSETCATALOG_COMPILER_GENERATE_SWIFT_ASSET_SYMBOL_EXTENSIONS = YES;
				CLANG_ANALYZER_NONNULL = YES;
				CLANG_ANALYZER_NUMBER_OBJECT_CONVERSION = YES_AGGRESSIVE;
				CLANG_CXX_LANGUAGE_STANDARD = "gnu++20";
				CLANG_ENABLE_MODULES = YES;
				CLANG_ENABLE_OBJC_ARC = YES;
				CLANG_ENABLE_OBJC_WEAK = YES;
				CLANG_WARN_BLOCK_CAPTURE_AUTORELEASING = YES;
				CLANG_WARN_BOOL_CONVERSION = YES;
				CLANG_WARN_COMMA = YES;
				CLANG_WARN_CONSTANT_CONVERSION = YES;
				CLANG_WARN_DEPRECATED_OBJC_IMPLEMENTATIONS = YES;
				CLANG_WARN_DIRECT_OBJC_ISA_USAGE = YES_ERROR;
				CLANG_WARN_DOCUMENTATION_COMMENTS = YES;
				CLANG_WARN_EMPTY_BODY = YES;
				CLANG_WARN_ENUM_CONVERSION = YES;
				CLANG_WARN_INFINITE_RECURSION = YES;
				CLANG_WARN_INT_CONVERSION = YES;
				CLANG_WARN_NON_LITERAL_NULL_CONVERSION = YES;
				CLANG_WARN_OBJC_IMPLICIT_RETAIN_SELF = YES;
				CLANG_WARN_OBJC_LITERAL_CONVERSION = YES;
				CLANG_WARN_OBJC_ROOT_CLASS = YES_ERROR;
				CLANG_WARN_QUOTED_INCLUDE_IN_FRAMEWORK_HEADER = YES;
				CLANG_WARN_RANGE_LOOP_ANALYSIS = YES;
				CLANG_WARN_STRICT_PROTOTYPES = YES;
				CLANG_WARN_SUSPICIOUS_MOVE = YES;
				CLANG_WARN_UNGUARDED_AVAILABILITY = YES_AGGRESSIVE;
				CLANG_WARN_UNREACHABLE_CODE = YES;
				CLANG_WARN__DUPLICATE_METHOD_MATCH = YES;
				COPY_PHASE_STRIP = NO;
				DEBUG_INFORMATION_FORMAT = "dwarf-with-dsym";
				DEVELOPMENT_TEAM = RSEH385M54;
				ENABLE_STRICT_OBJC_MSGSEND = YES;
				ENABLE_USER_SCRIPT_SANDBOXING = YES;
				GCC_C_LANGUAGE_STANDARD = gnu17;
				GCC_NO_COMMON_BLOCKS = YES;
				GCC_WARN_64_TO_32_BIT_CONVERSION = YES;
				GCC_WARN_ABOUT_RETURN_TYPE = YES_ERROR;
				GCC_WARN_UNDECLARED_SELECTOR = YES;
				GCC_WARN_UNINITIALIZED_AUTOS = YES_AGGRESSIVE;
				GCC_WARN_UNUSED_FUNCTION = YES;
				GCC_WARN_UNUSED_VARIABLE = YES;
				LOCALIZATION_PREFERS_STRING_CATALOGS = YES;
				MACOSX_DEPLOYMENT_TARGET = 27.0;
				MTL_ENABLE_DEBUG_INFO = NO;
				MTL_FAST_MATH = YES;
				SDKROOT = macosx;
				SWIFT_COMPILATION_MODE = wholemodule;
			};
			name = Release;
		};
		414C321D306C70A100633EA1 /* Debug configuration for PBXNativeTarget "obs-status-macos-ui" */ = {
			isa = XCBuildConfiguration;
			buildSettings = {
				ASSETCATALOG_COMPILER_APPICON_NAME = AppIcon;
				ASSETCATALOG_COMPILER_GLOBAL_ACCENT_COLOR_NAME = AccentColor;
				CODE_SIGN_STYLE = Automatic;
				COMBINE_HIDPI_IMAGES = YES;
				CURRENT_PROJECT_VERSION = 1;
				DEVELOPMENT_TEAM = RSEH385M54;
				ENABLE_APP_SANDBOX = YES;
				ENABLE_HARDENED_RUNTIME = YES;
				ENABLE_PREVIEWS = YES;
				ENABLE_USER_SELECTED_FILES = readonly;
				GENERATE_INFOPLIST_FILE = YES;
				INFOPLIST_FILE = ../macos-app/obs-status-macos-ui/Resources/Info.plist;
				INFOPLIST_KEY_CFBundleDisplayName = "OBS Status";
				INFOPLIST_KEY_NSHumanReadableCopyright = "";
				LD_RUNPATH_SEARCH_PATHS = (
					"$(inherited)",
					"@executable_path/../Frameworks",
				);
				MARKETING_VERSION = 1.0;
				PRODUCT_BUNDLE_IDENTIFIER = "com.jaureguialzo.obs-status-macos-ui";
				PRODUCT_NAME = "$(TARGET_NAME)";
				REGISTER_APP_GROUPS = YES;
				STRING_CATALOG_GENERATE_SYMBOLS = YES;
				SWIFT_APPROACHABLE_CONCURRENCY = YES;
				SWIFT_DEFAULT_ACTOR_ISOLATION = MainActor;
				SWIFT_EMIT_LOC_STRINGS = YES;
				SWIFT_UPCOMING_FEATURE_MEMBER_IMPORT_VISIBILITY = YES;
				SWIFT_VERSION = 5.0;
			};
			name = Debug;
		};
		414C321E306C70A100633EA1 /* Release configuration for PBXNativeTarget "obs-status-macos-ui" */ = {
			isa = XCBuildConfiguration;
			buildSettings = {
				ASSETCATALOG_COMPILER_APPICON_NAME = AppIcon;
				ASSETCATALOG_COMPILER_GLOBAL_ACCENT_COLOR_NAME = AccentColor;
				CODE_SIGN_STYLE = Automatic;
				COMBINE_HIDPI_IMAGES = YES;
				CURRENT_PROJECT_VERSION = 1;
				DEVELOPMENT_TEAM = RSEH385M54;
				ENABLE_APP_SANDBOX = YES;
				ENABLE_HARDENED_RUNTIME = YES;
				ENABLE_PREVIEWS = YES;
				ENABLE_USER_SELECTED_FILES = readonly;
				GENERATE_INFOPLIST_FILE = YES;
				INFOPLIST_FILE = ../macos-app/obs-status-macos-ui/Resources/Info.plist;
				INFOPLIST_KEY_CFBundleDisplayName = "OBS Status";
				INFOPLIST_KEY_NSHumanReadableCopyright = "";
				LD_RUNPATH_SEARCH_PATHS = (
					"$(inherited)",
					"@executable_path/../Frameworks",
				);
				MARKETING_VERSION = 1.0;
				PRODUCT_BUNDLE_IDENTIFIER = "com.jaureguialzo.obs-status-macos-ui";
				PRODUCT_NAME = "$(TARGET_NAME)";
				REGISTER_APP_GROUPS = YES;
				STRING_CATALOG_GENERATE_SYMBOLS = YES;
				SWIFT_APPROACHABLE_CONCURRENCY = YES;
				SWIFT_DEFAULT_ACTOR_ISOLATION = MainActor;
				SWIFT_EMIT_LOC_STRINGS = YES;
				SWIFT_UPCOMING_FEATURE_MEMBER_IMPORT_VISIBILITY = YES;
				SWIFT_VERSION = 5.0;
			};
			name = Release;
		};
/* End XCBuildConfiguration section */

/* Begin XCConfigurationList section */
		414C31F8306C70A000633EA1 /* Build configuration list for PBXProject "obs-status-macos-ui" */ = {
			isa = XCConfigurationList;
			buildConfigurations = (
				414C321A306C70A100633EA1 /* Debug configuration for PBXProject "obs-status-macos-ui" */,
				414C321B306C70A100633EA1 /* Release configuration for PBXProject "obs-status-macos-ui" */,
			);
			defaultConfigurationName = Release;
		};
		414C321C306C70A100633EA1 /* Build configuration list for PBXNativeTarget "obs-status-macos-ui" */ = {
			isa = XCConfigurationList;
			buildConfigurations = (
				414C321D306C70A100633EA1 /* Debug configuration for PBXNativeTarget "obs-status-macos-ui" */,
				414C321E306C70A100633EA1 /* Release configuration for PBXNativeTarget "obs-status-macos-ui" */,
			);
			defaultConfigurationName = Release;
		};
/* End XCConfigurationList section */
	};
	rootObject = 414C31F5306C70A000633EA1 /* Project object */;
	validationLevel = 1;
}
